// !$*UTF8*$!
{
	archiveVersion = 1;
	classes = {
	};
	objectVersion = 50;
	objects = {

/* Begin PBXBuildFile section */
		CB524998265B2BEE0082749B /* AppDelegate.swift in Sources */ = {isa = PBXBuildFile; fileRef = CB524997265B2BEE0082749B /* AppDelegate.swift */; };
		CB52499A265B2BEE0082749B /* SceneDelegate.swift in Sources */ = {isa = PBXBuildFile; fileRef = CB524999265B2BEE0082749B /* SceneDelegate.swift */; };
		CB52499C265B2BEE0082749B /* MapVC.swift in Sources */ = {isa = PBXBuildFile; fileRef = CB52499B265B2BEE0082749B /* MapVC.swift */; };
		CB52499F265B2BEE0082749B /* Main.storyboard in Resources */ = {isa = PBXBuildFile; fileRef = CB52499D265B2BEE0082749B /* Main.storyboard */; };
		CB5249A1265B2BF10082749B /* Assets.xcassets in Resources */ = {isa = PBXBuildFile; fileRef = CB5249A0265B2BF10082749B /* Assets.xcassets */; };
		CB5249A4265B2BF10082749B /* LaunchScreen.storyboard in Resources */ = {isa = PBXBuildFile; fileRef = CB5249A2265B2BF10082749B /* LaunchScreen.storyboard */; };
		CB5249B0265B2DB20082749B /* Runner.swift in Sources */ = {isa = PBXBuildFile; fileRef = CB5249AF265B2DB20082749B /* Runner.swift */; };
		CB5249B2265B3D5C0082749B /* MapView.swift in Sources */ = {isa = PBXBuildFile; fileRef = CB5249B1265B3D5C0082749B /* MapView.swift */; };
		CB5249B5265B3E7A0082749B /* Extensions.swift in Sources */ = {isa = PBXBuildFile; fileRef = CB5249B4265B3E7A0082749B /* Extensions.swift */; };
		CB5249B9265B447C0082749B /* RunControlView.swift in Sources */ = {isa = PBXBuildFile; fileRef = CB5249B8265B447C0082749B /* RunControlView.swift */; };
		CB5249BD265C945E0082749B /* StartButton.swift in Sources */ = {isa = PBXBuildFile; fileRef = CB5249BC265C945E0082749B /* StartButton.swift */; };
		CB5249C3265CAA8C0082749B /* RunControlViewModel.swift in Sources */ = {isa = PBXBuildFile; fileRef = CB5249C2265CAA8C0082749B /* RunControlViewModel.swift */; };
		CBE7AB5C26601BD9000899B7 /* Utilities.swift in Sources */ = {isa = PBXBuildFile; fileRef = CBE7AB5B26601BD9000899B7 /* Utilities.swift */; };
/* End PBXBuildFile section */

/* Begin PBXFileReference section */
		CB524994265B2BEE0082749B /* RunnerMate.app */ = {isa = PBXFileReference; explicitFileType = wrapper.application; includeInIndex = 0; path = RunnerMate.app; sourceTree = BUILT_PRODUCTS_DIR; };
		CB524997265B2BEE0082749B /* AppDelegate.swift */ = {isa = PBXFileReference; lastKnownFileType = sourcecode.swift; path = AppDelegate.swift; sourceTree = "<group>"; };
		CB524999265B2BEE0082749B /* SceneDelegate.swift */ = {isa = PBXFileReference; lastKnownFileType = sourcecode.swift; path = SceneDelegate.swift; sourceTree = "<group>"; };
		CB52499B265B2BEE0082749B /* MapVC.swift */ = {isa = PBXFileReference; lastKnownFileType = sourcecode.swift; path = MapVC.swift; sourceTree = "<group>"; };
		CB52499E265B2BEE0082749B /* Base */ = {isa = PBXFileReference; lastKnownFileType = file.storyboard; name = Base; path = Base.lproj/Main.storyboard; sourceTree = "<group>"; };
		CB5249A0265B2BF10082749B /* Assets.xcassets */ = {isa = PBXFileReference; lastKnownFileType = folder.assetcatalog; path = Assets.xcassets; sourceTree = "<group>"; };
		CB5249A3265B2BF10082749B /* Base */ = {isa = PBXFileReference; lastKnownFileType = file.storyboard; name = Base; path = Base.lproj/LaunchScreen.storyboard; sourceTree = "<group>"; };
		CB5249A5265B2BF10082749B /* Info.plist */ = {isa = PBXFileReference; lastKnownFileType = text.plist.xml; path = Info.plist; sourceTree = "<group>"; };
		CB5249AF265B2DB20082749B /* Runner.swift */ = {isa = PBXFileReference; lastKnownFileType = sourcecode.swift; path = Runner.swift; sourceTree = "<group>"; };
		CB5249B1265B3D5C0082749B /* MapView.swift */ = {isa = PBXFileReference; lastKnownFileType = sourcecode.swift; path = MapView.swift; sourceTree = "<group>"; };
		CB5249B4265B3E7A0082749B /* Extensions.swift */ = {isa = PBXFileReference; lastKnownFileType = sourcecode.swift; path = Extensions.swift; sourceTree = "<group>"; };
		CB5249B8265B447C0082749B /* RunControlView.swift */ = {isa = PBXFileReference; lastKnownFileType = sourcecode.swift; path = RunControlView.swift; sourceTree = "<group>"; };
		CB5249BC265C945E0082749B /* StartButton.swift */ = {isa = PBXFileReference; lastKnownFileType = sourcecode.swift; path = StartButton.swift; sourceTree = "<group>"; };
		CB5249C2265CAA8C0082749B /* RunControlViewModel.swift */ = {isa = PBXFileReference; lastKnownFileType = sourcecode.swift; path = RunControlViewModel.swift; sourceTree = "<group>"; };
		CBE7AB5B26601BD9000899B7 /* Utilities.swift */ = {isa = PBXFileReference; lastKnownFileType = sourcecode.swift; path = Utilities.swift; sourceTree = "<group>"; };
/* End PBXFileReference section */

/* Begin PBXFrameworksBuildPhase section */
		CB524991265B2BEE0082749B /* Frameworks */ = {
			isa = PBXFrameworksBuildPhase;
			buildActionMask = 2147483647;
			files = (
			);
			runOnlyForDeploymentPostprocessing = 0;
		};
/* End PBXFrameworksBuildPhase section */

/* Begin PBXGroup section */
		CB52498B265B2BEE0082749B = {
			isa = PBXGroup;
			children = (
				CB524996265B2BEE0082749B /* RunnerMate */,
				CB524995265B2BEE0082749B /* Products */,
			);
			sourceTree = "<group>";
		};
		CB524995265B2BEE0082749B /* Products */ = {
			isa = PBXGroup;
			children = (
				CB524994265B2BEE0082749B /* RunnerMate.app */,
			);
			name = Products;
			sourceTree = "<group>";
		};
		CB524996265B2BEE0082749B /* RunnerMate */ = {
			isa = PBXGroup;
			children = (
				CB5249B3265B3E6C0082749B /* Utilities */,
				CB5249AE265B2D740082749B /* Service */,
				CB5249AD265B2D6F0082749B /* Model */,
				CB5249AC265B2D680082749B /* View */,
				CB5249AB265B2D5B0082749B /* Controller */,
				CB524997265B2BEE0082749B /* AppDelegate.swift */,
				CB524999265B2BEE0082749B /* SceneDelegate.swift */,
				CB52499D265B2BEE0082749B /* Main.storyboard */,
				CB5249A0265B2BF10082749B /* Assets.xcassets */,
				CB5249A2265B2BF10082749B /* LaunchScreen.storyboard */,
				CB5249A5265B2BF10082749B /* Info.plist */,
			);
			path = RunnerMate;
			sourceTree = "<group>";
		};
		CB5249AB265B2D5B0082749B /* Controller */ = {
			isa = PBXGroup;
			children = (
				CB52499B265B2BEE0082749B /* MapVC.swift */,
			);
			path = Controller;
			sourceTree = "<group>";
		};
		CB5249AC265B2D680082749B /* View */ = {
			isa = PBXGroup;
			children = (
				CB5249B1265B3D5C0082749B /* MapView.swift */,
				CB5249B8265B447C0082749B /* RunControlView.swift */,
				CB5249BC265C945E0082749B /* StartButton.swift */,
			);
			path = View;
			sourceTree = "<group>";
		};
		CB5249AD265B2D6F0082749B /* Model */ = {
			isa = PBXGroup;
			children = (
				CB5249AF265B2DB20082749B /* Runner.swift */,
				CB5249C2265CAA8C0082749B /* RunControlViewModel.swift */,
			);
			path = Model;
			sourceTree = "<group>";
		};
		CB5249AE265B2D740082749B /* Service */ = {
			isa = PBXGroup;
			children = (
				CBE7AB5B26601BD9000899B7 /* Utilities.swift */,
			);
			path = Service;
			sourceTree = "<group>";
		};
		CB5249B3265B3E6C0082749B /* Utilities */ = {
			isa = PBXGroup;
			children = (
				CB5249B4265B3E7A0082749B /* Extensions.swift */,
			);
			path = Utilities;
			sourceTree = "<group>";
		};
/* End PBXGroup section */

/* Begin PBXNativeTarget section */
		CB524993265B2BEE0082749B /* RunnerMate */ = {
			isa = PBXNativeTarget;
			buildConfigurationList = CB5249A8265B2BF10082749B /* Build configuration list for PBXNativeTarget "RunnerMate" */;
			buildPhases = (
				CB524990265B2BEE0082749B /* Sources */,
				CB524991265B2BEE0082749B /* Frameworks */,
				CB524992265B2BEE0082749B /* Resources */,
			);
			buildRules = (
			);
			dependencies = (
			);
			name = RunnerMate;
			productName = RunnerMate;
			productReference = CB524994265B2BEE0082749B /* RunnerMate.app */;
			productType = "com.apple.product-type.application";
		};
/* End PBXNativeTarget section */

/* Begin PBXProject section */
		CB52498C265B2BEE0082749B /* Project object */ = {
			isa = PBXProject;
			attributes = {
				LastSwiftUpdateCheck = 1250;
				LastUpgradeCheck = 1250;
				TargetAttributes = {
					CB524993265B2BEE0082749B = {
						CreatedOnToolsVersion = 12.5;
					};
				};
			};
			buildConfigurationList = CB52498F265B2BEE0082749B /* Build configuration list for PBXProject "RunnerMate" */;
			compatibilityVersion = "Xcode 9.3";
			developmentRegion = en;
			hasScannedForEncodings = 0;
			knownRegions = (
				en,
				Base,
			);
			mainGroup = CB52498B265B2BEE0082749B;
			productRefGroup = CB524995265B2BEE0082749B /* Products */;
			projectDirPath = "";
			projectRoot = "";
			targets = (
				CB524993265B2BEE0082749B /* RunnerMate */,
			);
		};
/* End PBXProject section */

/* Begin PBXResourcesBuildPhase section */
		CB524992265B2BEE0082749B /* Resources */ = {
			isa = PBXResourcesBuildPhase;
			buildActionMask = 2147483647;
			files = (
				CB5249A4265B2BF10082749B /* LaunchScreen.storyboard in Resources */,
				CB5249A1265B2BF10082749B /* Assets.xcassets in Resources */,
				CB52499F265B2BEE0082749B /* Main.storyboard in Resources */,
			);
			runOnlyForDeploymentPostprocessing = 0;
		};
/* End PBXResourcesBuildPhase section */

/* Begin PBXSourcesBuildPhase section */
		CB524990265B2BEE0082749B /* Sources */ = {
			isa = PBXSourcesBuildPhase;
			buildActionMask = 2147483647;
			files = (
				CB5249B9265B447C0082749B /* RunControlView.swift in Sources */,
				CB5249C3265CAA8C0082749B /* RunControlViewModel.swift in Sources */,
				CB52499C265B2BEE0082749B /* MapVC.swift in Sources */,
				CB5249B5265B3E7A0082749B /* Extensions.swift in Sources */,
				CB5249B0265B2DB20082749B /* Runner.swift in Sources */,
				CB5249B2265B3D5C0082749B /* MapView.swift in Sources */,
				CB524998265B2BEE0082749B /* AppDelegate.swift in Sources */,
				CB5249BD265C945E0082749B /* StartButton.swift in Sources */,
				CBE7AB5C26601BD9000899B7 /* Utilities.swift in Sources */,
				CB52499A265B2BEE0082749B /* SceneDelegate.swift in Sources */,
			);
			runOnlyForDeploymentPostprocessing = 0;
		};
/* End PBXSourcesBuildPhase section */

/* Begin PBXVariantGroup section */
		CB52499D265B2BEE0082749B /* Main.storyboard */ = {
			isa = PBXVariantGroup;
			children = (
				CB52499E265B2BEE0082749B /* Base */,
			);
			name = Main.storyboard;
			sourceTree = "<group>";
		};
		CB5249A2265B2BF10082749B /* LaunchScreen.storyboard */ = {
			isa = PBXVariantGroup;
			children = (
				CB5249A3265B2BF10082749B /* Base */,
			);
			name = LaunchScreen.storyboard;
			sourceTree = "<group>";
		};
/* End PBXVariantGroup section */

/* Begin XCBuildConfiguration section */
		CB5249A6265B2BF10082749B /* Debug */ = {
			isa = XCBuildConfiguration;
			buildSettings = {
				ALWAYS_SEARCH_USER_PATHS = NO;
				CLANG_ANALYZER_NONNULL = YES;
				CLANG_ANALYZER_NUMBER_OBJECT_CONVERSION = YES_AGGRESSIVE;
				CLANG_CXX_LANGUAGE_STANDARD = "gnu++14";
				CLANG_CXX_LIBRARY = "libc++";
				CLANG_ENABLE_MODULES = YES;
				CLANG_ENABLE_OBJC_ARC = YES;
				CLANG_ENABLE_OBJC_WEAK = YES;
				CLANG_WARN_BLOCK_CAPTURE_AUTORELEASING = YES;
				CLANG_WARN_BOOL_CONVERSION = YES;
				CLANG_WARN_COMMA = YES;
				CLANG_WARN_CONSTANT_CONVERSION = YES;
				CLANG_WARN_DEPRECATED_OBJC_IMPLEMENTATIONS = YES;
				CLANG_WARN_DIRECT_OBJC_ISA_USAGE = YES_ERROR;
				CLANG_WARN_DOCUMENTATION_COMMENTS = YES;
				CLANG_WARN_EMPTY_BODY = YES;
				CLANG_WARN_ENUM_CONVERSION = YES;
				CLANG_WARN_INFINITE_RECURSION = YES;
				CLANG_WARN_INT_CONVERSION = YES;
				CLANG_WARN_NON_LITERAL_NULL_CONVERSION = YES;
				CLANG_WARN_OBJC_IMPLICIT_RETAIN_SELF = YES;
				CLANG_WARN_OBJC_LITERAL_CONVERSION = YES;
				CLANG_WARN_OBJC_ROOT_CLASS = YES_ERROR;
				CLANG_WARN_QUOTED_INCLUDE_IN_FRAMEWORK_HEADER = YES;
				CLANG_WARN_RANGE_LOOP_ANALYSIS = YES;
				CLANG_WARN_STRICT_PROTOTYPES = YES;
				CLANG_WARN_SUSPICIOUS_MOVE = YES;
				CLANG_WARN_UNGUARDED_AVAILABILITY = YES_AGGRESSIVE;
				CLANG_WARN_UNREACHABLE_CODE = YES;
				CLANG_WARN__DUPLICATE_METHOD_MATCH = YES;
				COPY_PHASE_STRIP = NO;
				DEBUG_INFORMATION_FORMAT = dwarf;
				ENABLE_STRICT_OBJC_MSGSEND = YES;
				ENABLE_TESTABILITY = YES;
				GCC_C_LANGUAGE_STANDARD = gnu11;
				GCC_DYNAMIC_NO_PIC = NO;
				GCC_NO_COMMON_BLOCKS = YES;
				GCC_OPTIMIZATION_LEVEL = 0;
				GCC_PREPROCESSOR_DEFINITIONS = (
					"DEBUG=1",
					"$(inherited)",
				);
				GCC_WARN_64_TO_32_BIT_CONVERSION = YES;
				GCC_WARN_ABOUT_RETURN_TYPE = YES_ERROR;
				GCC_WARN_UNDECLARED_SELECTOR = YES;
				GCC_WARN_UNINITIALIZED_AUTOS = YES_AGGRESSIVE;
				GCC_WARN_UNUSED_FUNCTION = YES;
				GCC_WARN_UNUSED_VARIABLE = YES;
				IPHONEOS_DEPLOYMENT_TARGET = 14.5;
				MTL_ENABLE_DEBUG_INFO = INCLUDE_SOURCE;
				MTL_FAST_MATH = YES;
				ONLY_ACTIVE_ARCH = YES;
				SDKROOT = iphoneos;
				SWIFT_ACTIVE_COMPILATION_CONDITIONS = DEBUG;
				SWIFT_OPTIMIZATION_LEVEL = "-Onone";
			};
			name = Debug;
		};
		CB5249A7265B2BF10082749B /* Release */ = {
			isa = XCBuildConfiguration;
			buildSettings = {
				ALWAYS_SEARCH_USER_PATHS = NO;
				CLANG_ANALYZER_NONNULL = YES;
				CLANG_ANALYZER_NUMBER_OBJECT_CONVERSION = YES_AGGRESSIVE;
				CLANG_CXX_LANGUAGE_STANDARD = "gnu++14";
				CLANG_CXX_LIBRARY = "libc++";
				CLANG_ENABLE_MODULES = YES;
				CLANG_ENABLE_OBJC_ARC = YES;
				CLANG_ENABLE_OBJC_WEAK = YES;
				CLANG_WARN_BLOCK_CAPTURE_AUTORELEASING = YES;
				CLANG_WARN_BOOL_CONVERSION = YES;
				CLANG_WARN_COMMA = YES;
				CLANG_WARN_CONSTANT_CONVERSION = YES;
				CLANG_WARN_DEPRECATED_OBJC_IMPLEMENTATIONS = YES;
				CLANG_WARN_DIRECT_OBJC_ISA_USAGE = YES_ERROR;
				CLANG_WARN_DOCUMENTATION_COMMENTS = YES;
				CLANG_WARN_EMPTY_BODY = YES;
				CLANG_WARN_ENUM_CONVERSION = YES;
				CLANG_WARN_INFINITE_RECURSION = YES;
				CLANG_WARN_INT_CONVERSION = YES;
				CLANG_WARN_NON_LITERAL_NULL_CONVERSION = YES;
				CLANG_WARN_OBJC_IMPLICIT_RETAIN_SELF = YES;
				CLANG_WARN_OBJC_LITERAL_CONVERSION = YES;
				CLANG_WARN_OBJC_ROOT_CLASS = YES_ERROR;
				CLANG_WARN_QUOTED_INCLUDE_IN_FRAMEWORK_HEADER = YES;
				CLANG_WARN_RANGE_LOOP_ANALYSIS = YES;
				CLANG_WARN_STRICT_PROTOTYPES = YES;
				CLANG_WARN_SUSPICIOUS_MOVE = YES;
				CLANG_WARN_UNGUARDED_AVAILABILITY = YES_AGGRESSIVE;
				CLANG_WARN_UNREACHABLE_CODE = YES;
				CLANG_WARN__DUPLICATE_METHOD_MATCH = YES;
				COPY_PHASE_STRIP = NO;
				DEBUG_INFORMATION_FORMAT = "dwarf-with-dsym";
				ENABLE_NS_ASSERTIONS = NO;
				ENABLE_STRICT_OBJC_MSGSEND = YES;
				GCC_C_LANGUAGE_STANDARD = gnu11;
				GCC_NO_COMMON_BLOCKS = YES;
				GCC_WARN_64_TO_32_BIT_CONVERSION = YES;
				GCC_WARN_ABOUT_RETURN_TYPE = YES_ERROR;
				GCC_WARN_UNDECLARED_SELECTOR = YES;
				GCC_WARN_UNINITIALIZED_AUTOS = YES_AGGRESSIVE;
				GCC_WARN_UNUSED_FUNCTION = YES;
				GCC_WARN_UNUSED_VARIABLE = YES;
				IPHONEOS_DEPLOYMENT_TARGET = 14.5;
				MTL_ENABLE_DEBUG_INFO = NO;
				MTL_FAST_MATH = YES;
				SDKROOT = iphoneos;
				SWIFT_COMPILATION_MODE = wholemodule;
				SWIFT_OPTIMIZATION_LEVEL = "-O";
				VALIDATE_PRODUCT = YES;
			};
			name = Release;
		};
		CB5249A9265B2BF10082749B /* Debug */ = {
			isa = XCBuildConfiguration;
			buildSettings = {
				ASSETCATALOG_COMPILER_APPICON_NAME = AppIcon;
				ASSETCATALOG_COMPILER_GLOBAL_ACCENT_COLOR_NAME = AccentColor;
				CODE_SIGN_STYLE = Automatic;
				DEVELOPMENT_TEAM = KG5A8K7RKR;
				INFOPLIST_FILE = RunnerMate/Info.plist;
				LD_RUNPATH_SEARCH_PATHS = (
					"$(inherited)",
					"@executable_path/Frameworks",
				);
				PRODUCT_BUNDLE_IDENTIFIER = com.herbiedodge.RunnerMate;
				PRODUCT_NAME = "$(TARGET_NAME)";
				SWIFT_VERSION = 5.0;
				TARGETED_DEVICE_FAMILY = "1,2";
			};
			name = Debug;
		};
		CB5249AA265B2BF10082749B /* Release */ = {
			isa = XCBuildConfiguration;
			buildSettings = {
				ASSETCATALOG_COMPILER_APPICON_NAME = AppIcon;
				ASSETCATALOG_COMPILER_GLOBAL_ACCENT_COLOR_NAME = AccentColor;
				CODE_SIGN_STYLE = Automatic;
				DEVELOPMENT_TEAM = KG5A8K7RKR;
				INFOPLIST_FILE = RunnerMate/Info.plist;
				LD_RUNPATH_SEARCH_PATHS = (
					"$(inherited)",
					"@executable_path/Frameworks",
				);
				PRODUCT_BUNDLE_IDENTIFIER = com.herbiedodge.RunnerMate;
				PRODUCT_NAME = "$(TARGET_NAME)";
				SWIFT_VERSION = 5.0;
				TARGETED_DEVICE_FAMILY = "1,2";
			};
			name = Release;
		};
/* End XCBuildConfiguration section */

/* Begin XCConfigurationList section */
		CB52498F265B2BEE0082749B /* Build configuration list for PBXProject "RunnerMate" */ = {
			isa = XCConfigurationList;
			buildConfigurations = (
				CB5249A6265B2BF10082749B /* Debug */,
				CB5249A7265B2BF10082749B /* Release */,
			);
			defaultConfigurationIsVisible = 0;
			defaultConfigurationName = Release;
		};
		CB5249A8265B2BF10082749B /* Build configuration list for PBXNativeTarget "RunnerMate" */ = {
			isa = XCConfigurationList;
			buildConfigurations = (
				CB5249A9265B2BF10082749B /* Debug */,
				CB5249AA265B2BF10082749B /* Release */,
			);
			defaultConfigurationIsVisible = 0;
			defaultConfigurationName = Release;
		};
/* End XCConfigurationList section */
	};
	rootObject = CB52498C265B2BEE0082749B /* Project object */;
}
